
Microsoft Visual Studio Solution File, Format Version 12.00
# Visual Studio 15
VisualStudioVersion = 15.0.28307.779
MinimumVisualStudioVersion = 10.0.40219.1
Project("{FAE04EC0-301F-11D3-BF4B-00C04F79EFBC}") = "Lab_2", "Lab_2\Lab_2.csproj", "{187B74E7-A983-48DA-82E0-1EDD9A0CAB08}"
EndProject
Global
	GlobalSection(SolutionConfigurationPlatforms) = preSolution
		Debug|Any CPU = Debug|Any CPU
		Release|Any CPU = Release|Any CPU
	EndGlobalSection
	GlobalSection(ProjectConfigurationPlatforms) = postSolution
		{187B74E7-A983-48DA-82E0-1EDD9A0CAB08}.Debug|Any CPU.ActiveCfg = Debug|Any CPU
		{187B74E7-A983-48DA-82E0-1EDD9A0CAB08}.Debug|Any CPU.Build.0 = Debug|Any CPU
		{187B74E7-A983-48DA-82E0-1EDD9A0CAB08}.Release|Any CPU.ActiveCfg = Release|Any CPU
		{187B74E7-A983-48DA-82E0-1EDD9A0CAB08}.Release|Any CPU.Build.0 = Release|Any CPU
	EndGlobalSection
	GlobalSection(SolutionProperties) = preSolution
		HideSolutionNode = FALSE
	EndGlobalSection
	GlobalSection(ExtensibilityGlobals) = postSolution
		SolutionGuid = {0CC96A73-BB8D-43B6-8454-76A6DFE56B0F}
	EndGlobalSection
EndGlobal
